
Microsoft Visual Studio Solution File, Format Version 12.00
# Visual Studio 2013
VisualStudioVersion = 12.0.31101.0
MinimumVisualStudioVersion = 10.0.40219.1
Project("{FAE04EC0-301F-11D3-BF4B-00C04F79EFBC}") = "SoupToNuts.Final.WebApi", "SoupToNuts.Final\SoupToNuts.Final.WebApi\SoupToNuts.Final.WebApi.csproj", "{125A3444-EB4D-44E5-855A-115D591DB9BB}"
EndProject
Project("{FAE04EC0-301F-11D3-BF4B-00C04F79EFBC}") = "SoupToNuts.Final.Service.Persistence", "SoupToNuts.Final\SoupToNuts.Final.Service.Persistence\SoupToNuts.Final.Service.Persistence.csproj", "{3363BA04-5105-4A00-BB0A-733272611A99}"
EndProject
Project("{FAE04EC0-301F-11D3-BF4B-00C04F79EFBC}") = "SoupToNuts.Final.Service.EF", "SoupToNuts.Final\SoupToNuts.Final.Service.EF\SoupToNuts.Final.Service.EF.csproj", "{5C3E1AA8-CA59-4257-889C-338716CF8DF3}"
EndProject
Project("{FAE04EC0-301F-11D3-BF4B-00C04F79EFBC}") = "SoupToNuts.Final.ConsoleClient", "SoupToNuts.Final\SoupToNuts.Final.ConsoleClient\SoupToNuts.Final.ConsoleClient.csproj", "{6558B314-B755-4A88-A518-3E97275A696C}"
EndProject
Project("{FAE04EC0-301F-11D3-BF4B-00C04F79EFBC}") = "SoupToNuts.Final.Entities.Client.Portable", "SoupToNuts.Final\SoupToNuts.Final.Entities.Client.Portable\SoupToNuts.Final.Entities.Client.Portable.csproj", "{462735A3-0231-4A26-B64D-278DC2DBCDA9}"
EndProject
Project("{FAE04EC0-301F-11D3-BF4B-00C04F79EFBC}") = "SoupToNuts.Final.Entities.Service.Net45", "SoupToNuts.Final\SoupToNuts.Final.Entities.Service.Net45\SoupToNuts.Final.Entities.Service.Net45.csproj", "{8556C7C8-72A6-4857-BAFD-489E42A2A453}"
EndProject
Project("{2150E333-8FDC-42A3-9474-1A3956D46DE8}") = "Solution Items", "Solution Items", "{7616C893-D979-4074-827F-DC64E08F7F61}"
	ProjectSection(SolutionItems) = preProject
		..\SoupToNuts Final-After ReadMe.txt = ..\SoupToNuts Final-After ReadMe.txt
		..\SoupToNuts Final-Before ReadMe.txt = ..\SoupToNuts Final-Before ReadMe.txt
	EndProjectSection
EndProject
Global
	GlobalSection(SolutionConfigurationPlatforms) = preSolution
		Debug|Any CPU = Debug|Any CPU
		Release|Any CPU = Release|Any CPU
	EndGlobalSection
	GlobalSection(ProjectConfigurationPlatforms) = postSolution
		{125A3444-EB4D-44E5-855A-115D591DB9BB}.Debug|Any CPU.ActiveCfg = Debug|Any CPU
		{125A3444-EB4D-44E5-855A-115D591DB9BB}.Debug|Any CPU.Build.0 = Debug|Any CPU
		{125A3444-EB4D-44E5-855A-115D591DB9BB}.Release|Any CPU.ActiveCfg = Release|Any CPU
		{125A3444-EB4D-44E5-855A-115D591DB9BB}.Release|Any CPU.Build.0 = Release|Any CPU
		{3363BA04-5105-4A00-BB0A-733272611A99}.Debug|Any CPU.ActiveCfg = Debug|Any CPU
		{3363BA04-5105-4A00-BB0A-733272611A99}.Debug|Any CPU.Build.0 = Debug|Any CPU
		{3363BA04-5105-4A00-BB0A-733272611A99}.Release|Any CPU.ActiveCfg = Release|Any CPU
		{3363BA04-5105-4A00-BB0A-733272611A99}.Release|Any CPU.Build.0 = Release|Any CPU
		{5C3E1AA8-CA59-4257-889C-338716CF8DF3}.Debug|Any CPU.ActiveCfg = Debug|Any CPU
		{5C3E1AA8-CA59-4257-889C-338716CF8DF3}.Debug|Any CPU.Build.0 = Debug|Any CPU
		{5C3E1AA8-CA59-4257-889C-338716CF8DF3}.Release|Any CPU.ActiveCfg = Release|Any CPU
		{5C3E1AA8-CA59-4257-889C-338716CF8DF3}.Release|Any CPU.Build.0 = Release|Any CPU
		{6558B314-B755-4A88-A518-3E97275A696C}.Debug|Any CPU.ActiveCfg = Debug|Any CPU
		{6558B314-B755-4A88-A518-3E97275A696C}.Debug|Any CPU.Build.0 = Debug|Any CPU
		{6558B314-B755-4A88-A518-3E97275A696C}.Release|Any CPU.ActiveCfg = Release|Any CPU
		{6558B314-B755-4A88-A518-3E97275A696C}.Release|Any CPU.Build.0 = Release|Any CPU
		{462735A3-0231-4A26-B64D-278DC2DBCDA9}.Debug|Any CPU.ActiveCfg = Debug|Any CPU
		{462735A3-0231-4A26-B64D-278DC2DBCDA9}.Debug|Any CPU.Build.0 = Debug|Any CPU
		{462735A3-0231-4A26-B64D-278DC2DBCDA9}.Release|Any CPU.ActiveCfg = Release|Any CPU
		{462735A3-0231-4A26-B64D-278DC2DBCDA9}.Release|Any CPU.Build.0 = Release|Any CPU
		{8556C7C8-72A6-4857-BAFD-489E42A2A453}.Debug|Any CPU.ActiveCfg = Debug|Any CPU
		{8556C7C8-72A6-4857-BAFD-489E42A2A453}.Debug|Any CPU.Build.0 = Debug|Any CPU
		{8556C7C8-72A6-4857-BAFD-489E42A2A453}.Release|Any CPU.ActiveCfg = Release|Any CPU
		{8556C7C8-72A6-4857-BAFD-489E42A2A453}.Release|Any CPU.Build.0 = Release|Any CPU
	EndGlobalSection
	GlobalSection(SolutionProperties) = preSolution
		HideSolutionNode = FALSE
	EndGlobalSection
EndGlobal
